
Microsoft Visual Studio Solution File, Format Version 12.00
# Visual Studio Version 16
VisualStudioVersion = 16.0.29728.190
MinimumVisualStudioVersion = 10.0.40219.1
Project("{FAE04EC0-301F-11D3-BF4B-00C04F79EFBC}") = "AliExpress", "AliExpress\AliExpress.csproj", "{F8A0C7FC-7985-4882-BFC1-96FF30418B77}"
EndProject
Project("{FAE04EC0-301F-11D3-BF4B-00C04F79EFBC}") = "AliExpressUTest", "AliExpressUTest\AliExpressUTest.csproj", "{B66241E6-FECD-4E30-9911-3D9C89299168}"
EndProject
Global
	GlobalSection(SolutionConfigurationPlatforms) = preSolution
		Debug|Any CPU = Debug|Any CPU
		Release|Any CPU = Release|Any CPU
	EndGlobalSection
	GlobalSection(ProjectConfigurationPlatforms) = postSolution
		{F8A0C7FC-7985-4882-BFC1-96FF30418B77}.Debug|Any CPU.ActiveCfg = Debug|Any CPU
		{F8A0C7FC-7985-4882-BFC1-96FF30418B77}.Debug|Any CPU.Build.0 = Debug|Any CPU
		{F8A0C7FC-7985-4882-BFC1-96FF30418B77}.Release|Any CPU.ActiveCfg = Release|Any CPU
		{F8A0C7FC-7985-4882-BFC1-96FF30418B77}.Release|Any CPU.Build.0 = Release|Any CPU
		{B66241E6-FECD-4E30-9911-3D9C89299168}.Debug|Any CPU.ActiveCfg = Debug|Any CPU
		{B66241E6-FECD-4E30-9911-3D9C89299168}.Debug|Any CPU.Build.0 = Debug|Any CPU
		{B66241E6-FECD-4E30-9911-3D9C89299168}.Release|Any CPU.ActiveCfg = Release|Any CPU
		{B66241E6-FECD-4E30-9911-3D9C89299168}.Release|Any CPU.Build.0 = Release|Any CPU
	EndGlobalSection
	GlobalSection(SolutionProperties) = preSolution
		HideSolutionNode = FALSE
	EndGlobalSection
	GlobalSection(ExtensibilityGlobals) = postSolution
		SolutionGuid = {03600439-5641-41B4-A40E-0F3ED1589D19}
	EndGlobalSection
EndGlobal
